// !$*UTF8*$!
{
	archiveVersion = 1;
	classes = {
	};
	objectVersion = 77;
	objects = {

/* Begin PBXBuildFile section */
		00139065B27D92203275AEF8 /* RobotRobApp.swift in Sources */ = {isa = PBXBuildFile; fileRef = 41329A0F2423E515038D7258 /* RobotRobApp.swift */; };
		258D9D09164619E60F3DCC5B /* Assets.xcassets in Resources */ = {isa = PBXBuildFile; fileRef = 1DA6759BD22F9D7C2CBACD48 /* Assets.xcassets */; };
		404D6E4670ADAB4C59C1A4A0 /* GameModels.swift in Sources */ = {isa = PBXBuildFile; fileRef = 1B70FEF384883BE76E725C87 /* GameModels.swift */; };
		6A31A2DAEE7B690F96182331 /* ContentView.swift in Sources */ = {isa = PBXBuildFile; fileRef = BCE20EA89B7C756DE0D82D6B /* ContentView.swift */; };
		893884E3DC92DA6FE1CA6838 /* GameData.swift in Sources */ = {isa = PBXBuildFile; fileRef = E090EE1338681CA2B66FA243 /* GameData.swift */; };
		97ACC055A2112048D5DB1FD2 /* GameViewModel.swift in Sources */ = {isa = PBXBuildFile; fileRef = 67E4E399991AF6E316443DA1 /* GameViewModel.swift */; };
/* End PBXBuildFile section */

/* Begin PBXFileReference section */
		1B70FEF384883BE76E725C87 /* GameModels.swift */ = {isa = PBXFileReference; lastKnownFileType = sourcecode.swift; path = GameModels.swift; sourceTree = "<group>"; };
		1DA6759BD22F9D7C2CBACD48 /* Assets.xcassets */ = {isa = PBXFileReference; lastKnownFileType = folder.assetcatalog; path = Assets.xcassets; sourceTree = "<group>"; };
		41329A0F2423E515038D7258 /* RobotRobApp.swift */ = {isa = PBXFileReference; lastKnownFileType = sourcecode.swift; path = RobotRobApp.swift; sourceTree = "<group>"; };
		67E4E399991AF6E316443DA1 /* GameViewModel.swift */ = {isa = PBXFileReference; lastKnownFileType = sourcecode.swift; path = GameViewModel.swift; sourceTree = "<group>"; };
		A8756ECD6C41BBF4BD21790F /* RobotRob.app */ = {isa = PBXFileReference; includeInIndex = 0; lastKnownFileType = wrapper.application; path = RobotRob.app; sourceTree = BUILT_PRODUCTS_DIR; };
		BCE20EA89B7C756DE0D82D6B /* ContentView.swift */ = {isa = PBXFileReference; lastKnownFileType = sourcecode.swift; path = ContentView.swift; sourceTree = "<group>"; };
		E090EE1338681CA2B66FA243 /* GameData.swift */ = {isa = PBXFileReference; lastKnownFileType = sourcecode.swift; path = GameData.swift; sourceTree = "<group>"; };
/* End PBXFileReference section */

/* Begin PBXGroup section */
		30551C6F9CF6A914175C315E /* Products */ = {
			isa = PBXGroup;
			children = (
				A8756ECD6C41BBF4BD21790F /* RobotRob.app */,
			);
			name = Products;
			sourceTree = "<group>";
		};
		631C1A5C6C54BA0CA6B8681D /* Resources */ = {
			isa = PBXGroup;
			children = (
				1DA6759BD22F9D7C2CBACD48 /* Assets.xcassets */,
			);
			name = Resources;
			path = RobotRobApp/Resources;
			sourceTree = "<group>";
		};
		87DFE647BB7A6F5C84B366DE = {
			isa = PBXGroup;
			children = (
				631C1A5C6C54BA0CA6B8681D /* Resources */,
				A1619E7B1E586874E9E760A5 /* Sources */,
				30551C6F9CF6A914175C315E /* Products */,
			);
			sourceTree = "<group>";
		};
		A1619E7B1E586874E9E760A5 /* Sources */ = {
			isa = PBXGroup;
			children = (
				BCE20EA89B7C756DE0D82D6B /* ContentView.swift */,
				E090EE1338681CA2B66FA243 /* GameData.swift */,
				1B70FEF384883BE76E725C87 /* GameModels.swift */,
				67E4E399991AF6E316443DA1 /* GameViewModel.swift */,
				41329A0F2423E515038D7258 /* RobotRobApp.swift */,
			);
			name = Sources;
			path = RobotRobApp/Sources;
			sourceTree = "<group>";
		};
/* End PBXGroup section */

/* Begin PBXNativeTarget section */
		916C14043BEA24D85BF122BD /* RobotRob */ = {
			isa = PBXNativeTarget;
			buildConfigurationList = 95552E56B32985CDA997420D /* Build configuration list for PBXNativeTarget "RobotRob" */;
			buildPhases = (
				4E2CD088D461F39D581AEF71 /* Sources */,
				B157B829178EF3F239D66B5B /* Resources */,
			);
			buildRules = (
			);
			dependencies = (
			);
			name = RobotRob;
			packageProductDependencies = (
			);
			productName = RobotRob;
			productReference = A8756ECD6C41BBF4BD21790F /* RobotRob.app */;
			productType = "com.apple.product-type.application";
		};
/* End PBXNativeTarget section */

/* Begin PBXProject section */
		85556FCA93DE2EF34112188A /* Project object */ = {
			isa = PBXProject;
			attributes = {
				BuildIndependentTargetsInParallel = YES;
				LastUpgradeCheck = 1430;
				TargetAttributes = {
					916C14043BEA24D85BF122BD = {
						ProvisioningStyle = Automatic;
					};
				};
			};
			buildConfigurationList = 9F59764D9D23B9A8E8E5F579 /* Build configuration list for PBXProject "RobotRob" */;
			developmentRegion = en;
			hasScannedForEncodings = 0;
			knownRegions = (
				Base,
				en,
			);
			mainGroup = 87DFE647BB7A6F5C84B366DE;
			minimizedProjectReferenceProxies = 1;
			preferredProjectObjectVersion = 77;
			productRefGroup = 30551C6F9CF6A914175C315E /* Products */;
			projectDirPath = "";
			projectRoot = "";
			targets = (
				916C14043BEA24D85BF122BD /* RobotRob */,
			);
		};
/* End PBXProject section */

/* Begin PBXResourcesBuildPhase section */
		B157B829178EF3F239D66B5B /* Resources */ = {
			isa = PBXResourcesBuildPhase;
			buildActionMask = 2147483647;
			files = (
				258D9D09164619E60F3DCC5B /* Assets.xcassets in Resources */,
			);
			runOnlyForDeploymentPostprocessing = 0;
		};
/* End PBXResourcesBuildPhase section */

/* Begin PBXSourcesBuildPhase section */
		4E2CD088D461F39D581AEF71 /* Sources */ = {
			isa = PBXSourcesBuildPhase;
			buildActionMask = 2147483647;
			files = (
				6A31A2DAEE7B690F96182331 /* ContentView.swift in Sources */,
				893884E3DC92DA6FE1CA6838 /* GameData.swift in Sources */,
				404D6E4670ADAB4C59C1A4A0 /* GameModels.swift in Sources */,
				97ACC055A2112048D5DB1FD2 /* GameViewModel.swift in Sources */,
				00139065B27D92203275AEF8 /* RobotRobApp.swift in Sources */,
			);
			runOnlyForDeploymentPostprocessing = 0;
		};
/* End PBXSourcesBuildPhase section */

/* Begin XCBuildConfiguration section */
		19DE48C9D9577EAA62B106E3 /* Debug */ = {
			isa = XCBuildConfiguration;
			buildSettings = {
				ALWAYS_SEARCH_USER_PATHS = NO;
				CLANG_ANALYZER_NONNULL = YES;
				CLANG_ANALYZER_NUMBER_OBJECT_CONVERSION = YES_AGGRESSIVE;
				CLANG_CXX_LANGUAGE_STANDARD = "gnu++14";
				CLANG_CXX_LIBRARY = "libc++";
				CLANG_ENABLE_MODULES = YES;
				CLANG_ENABLE_OBJC_ARC = YES;
				CLANG_ENABLE_OBJC_WEAK = YES;
				CLANG_WARN_BLOCK_CAPTURE_AUTORELEASING = YES;
				CLANG_WARN_BOOL_CONVERSION = YES;
				CLANG_WARN_COMMA = YES;
				CLANG_WARN_CONSTANT_CONVERSION = YES;
				CLANG_WARN_DEPRECATED_OBJC_IMPLEMENTATIONS = YES;
				CLANG_WARN_DIRECT_OBJC_ISA_USAGE = YES_ERROR;
				CLANG_WARN_DOCUMENTATION_COMMENTS = YES;
				CLANG_WARN_EMPTY_BODY = YES;
				CLANG_WARN_ENUM_CONVERSION = YES;
				CLANG_WARN_INFINITE_RECURSION = YES;
				CLANG_WARN_INT_CONVERSION = YES;
				CLANG_WARN_NON_LITERAL_NULL_CONVERSION = YES;
				CLANG_WARN_OBJC_IMPLICIT_RETAIN_SELF = YES;
				CLANG_WARN_OBJC_LITERAL_CONVERSION = YES;
				CLANG_WARN_OBJC_ROOT_CLASS = YES_ERROR;
				CLANG_WARN_QUOTED_INCLUDE_IN_FRAMEWORK_HEADER = YES;
				CLANG_WARN_RANGE_LOOP_ANALYSIS = YES;
				CLANG_WARN_STRICT_PROTOTYPES = YES;
				CLANG_WARN_SUSPICIOUS_MOVE = YES;
				CLANG_WARN_UNGUARDED_AVAILABILITY = YES_AGGRESSIVE;
				CLANG_WARN_UNREACHABLE_CODE = YES;
				CLANG_WARN__DUPLICATE_METHOD_MATCH = YES;
				CODE_SIGN_STYLE = Automatic;
				COPY_PHASE_STRIP = NO;
				DEBUG_INFORMATION_FORMAT = dwarf;
				ENABLE_STRICT_OBJC_MSGSEND = YES;
				ENABLE_TESTABILITY = YES;
				GCC_C_LANGUAGE_STANDARD = gnu11;
				GCC_DYNAMIC_NO_PIC = NO;
				GCC_NO_COMMON_BLOCKS = YES;
				GCC_OPTIMIZATION_LEVEL = 0;
				GCC_PREPROCESSOR_DEFINITIONS = (
					"$(inherited)",
					"DEBUG=1",
				);
				GCC_WARN_64_TO_32_BIT_CONVERSION = YES;
				GCC_WARN_ABOUT_RETURN_TYPE = YES_ERROR;
				GCC_WARN_UNDECLARED_SELECTOR = YES;
				GCC_WARN_UNINITIALIZED_AUTOS = YES_AGGRESSIVE;
				GCC_WARN_UNUSED_FUNCTION = YES;
				GCC_WARN_UNUSED_VARIABLE = YES;
				IPHONEOS_DEPLOYMENT_TARGET = 16.0;
				MTL_ENABLE_DEBUG_INFO = INCLUDE_SOURCE;
				MTL_FAST_MATH = YES;
				ONLY_ACTIVE_ARCH = YES;
				PRODUCT_NAME = "$(TARGET_NAME)";
				SDKROOT = iphoneos;
				SWIFT_ACTIVE_COMPILATION_CONDITIONS = DEBUG;
				SWIFT_OPTIMIZATION_LEVEL = "-Onone";
				SWIFT_VERSION = 5.0;
			};
			name = Debug;
		};
		7AF2FB1B12CA25839440A941 /* Release */ = {
			isa = XCBuildConfiguration;
			buildSettings = {
				ALWAYS_SEARCH_USER_PATHS = NO;
				CLANG_ANALYZER_NONNULL = YES;
				CLANG_ANALYZER_NUMBER_OBJECT_CONVERSION = YES_AGGRESSIVE;
				CLANG_CXX_LANGUAGE_STANDARD = "gnu++14";
				CLANG_CXX_LIBRARY = "libc++";
				CLANG_ENABLE_MODULES = YES;
				CLANG_ENABLE_OBJC_ARC = YES;
				CLANG_ENABLE_OBJC_WEAK = YES;
				CLANG_WARN_BLOCK_CAPTURE_AUTORELEASING = YES;
				CLANG_WARN_BOOL_CONVERSION = YES;
				CLANG_WARN_COMMA = YES;
				CLANG_WARN_CONSTANT_CONVERSION = YES;
				CLANG_WARN_DEPRECATED_OBJC_IMPLEMENTATIONS = YES;
				CLANG_WARN_DIRECT_OBJC_ISA_USAGE = YES_ERROR;
				CLANG_WARN_DOCUMENTATION_COMMENTS = YES;
				CLANG_WARN_EMPTY_BODY = YES;
				CLANG_WARN_ENUM_CONVERSION = YES;
				CLANG_WARN_INFINITE_RECURSION = YES;
				CLANG_WARN_INT_CONVERSION = YES;
				CLANG_WARN_NON_LITERAL_NULL_CONVERSION = YES;
				CLANG_WARN_OBJC_IMPLICIT_RETAIN_SELF = YES;
				CLANG_WARN_OBJC_LITERAL_CONVERSION = YES;
				CLANG_WARN_OBJC_ROOT_CLASS = YES_ERROR;
				CLANG_WARN_QUOTED_INCLUDE_IN_FRAMEWORK_HEADER = YES;
				CLANG_WARN_RANGE_LOOP_ANALYSIS = YES;
				CLANG_WARN_STRICT_PROTOTYPES = YES;
				CLANG_WARN_SUSPICIOUS_MOVE = YES;
				CLANG_WARN_UNGUARDED_AVAILABILITY = YES_AGGRESSIVE;
				CLANG_WARN_UNREACHABLE_CODE = YES;
				CLANG_WARN__DUPLICATE_METHOD_MATCH = YES;
				CODE_SIGN_STYLE = Automatic;
				COPY_PHASE_STRIP = NO;
				DEBUG_INFORMATION_FORMAT = "dwarf-with-dsym";
				ENABLE_NS_ASSERTIONS = NO;
				ENABLE_STRICT_OBJC_MSGSEND = YES;
				GCC_C_LANGUAGE_STANDARD = gnu11;
				GCC_NO_COMMON_BLOCKS = YES;
				GCC_WARN_64_TO_32_BIT_CONVERSION = YES;
				GCC_WARN_ABOUT_RETURN_TYPE = YES_ERROR;
				GCC_WARN_UNDECLARED_SELECTOR = YES;
				GCC_WARN_UNINITIALIZED_AUTOS = YES_AGGRESSIVE;
				GCC_WARN_UNUSED_FUNCTION = YES;
				GCC_WARN_UNUSED_VARIABLE = YES;
				IPHONEOS_DEPLOYMENT_TARGET = 16.0;
				MTL_ENABLE_DEBUG_INFO = NO;
				MTL_FAST_MATH = YES;
				PRODUCT_NAME = "$(TARGET_NAME)";
				SDKROOT = iphoneos;
				SWIFT_COMPILATION_MODE = wholemodule;
				SWIFT_OPTIMIZATION_LEVEL = "-O";
				SWIFT_VERSION = 5.0;
			};
			name = Release;
		};
		CB0D8AE83C5E99709E9AEDFB /* Debug */ = {
			isa = XCBuildConfiguration;
			buildSettings = {
				ASSETCATALOG_COMPILER_APPICON_NAME = AppIcon;
				CODE_SIGN_IDENTITY = "iPhone Developer";
				CURRENT_PROJECT_VERSION = 202604031600;
				INFOPLIST_FILE = RobotRobApp/Info.plist;
				LD_RUNPATH_SEARCH_PATHS = (
					"$(inherited)",
					"@executable_path/Frameworks",
				);
				MARKETING_VERSION = 1.0;
				PRODUCT_BUNDLE_IDENTIFIER = com.wcvesevick.robotrob;
				SDKROOT = iphoneos;
				TARGETED_DEVICE_FAMILY = "1,2";
			};
			name = Debug;
		};
		D5502C70334AF9C0291D1FA1 /* Release */ = {
			isa = XCBuildConfiguration;
			buildSettings = {
				ASSETCATALOG_COMPILER_APPICON_NAME = AppIcon;
				CODE_SIGN_IDENTITY = "iPhone Developer";
				CURRENT_PROJECT_VERSION = 202604031600;
				INFOPLIST_FILE = RobotRobApp/Info.plist;
				LD_RUNPATH_SEARCH_PATHS = (
					"$(inherited)",
					"@executable_path/Frameworks",
				);
				MARKETING_VERSION = 1.0;
				PRODUCT_BUNDLE_IDENTIFIER = com.wcvesevick.robotrob;
				SDKROOT = iphoneos;
				TARGETED_DEVICE_FAMILY = "1,2";
			};
			name = Release;
		};
/* End XCBuildConfiguration section */

/* Begin XCConfigurationList section */
		95552E56B32985CDA997420D /* Build configuration list for PBXNativeTarget "RobotRob" */ = {
			isa = XCConfigurationList;
			buildConfigurations = (
				CB0D8AE83C5E99709E9AEDFB /* Debug */,
				D5502C70334AF9C0291D1FA1 /* Release */,
			);
			defaultConfigurationIsVisible = 0;
			defaultConfigurationName = Debug;
		};
		9F59764D9D23B9A8E8E5F579 /* Build configuration list for PBXProject "RobotRob" */ = {
			isa = XCConfigurationList;
			buildConfigurations = (
				19DE48C9D9577EAA62B106E3 /* Debug */,
				7AF2FB1B12CA25839440A941 /* Release */,
			);
			defaultConfigurationIsVisible = 0;
			defaultConfigurationName = Debug;
		};
/* End XCConfigurationList section */
	};
	rootObject = 85556FCA93DE2EF34112188A /* Project object */;
}
